
Microsoft Visual Studio Solution File, Format Version 12.00
# Visual Studio Version 16
VisualStudioVersion = 16.0.30011.22
MinimumVisualStudioVersion = 10.0.40219.1
Project("{2150E333-8FDC-42A3-9474-1A3956D46DE8}") = "Core", "Core", "{E3DCEA1C-29E4-4078-BBBA-246256C7395E}"
EndProject
Project("{2150E333-8FDC-42A3-9474-1A3956D46DE8}") = "CMS", "CMS", "{DFFD1965-3AB5-4017-8A47-A0693BE1A7BD}"
EndProject
Project("{9A19103F-16F7-4668-BE54-9A1E7A4F7556}") = "Sunday.Core", "Core\Sunday.Core\Sunday.Core.csproj", "{A6415F71-F833-4107-83BC-6D2003664C38}"
EndProject
Project("{9A19103F-16F7-4668-BE54-9A1E7A4F7556}") = "Sunday.Core.Framework", "Core\Sunday.Core.Framework\Sunday.Core.Framework.csproj", "{D2F44927-7DA5-41B1-BF92-FCD5370A13FE}"
EndProject
Project("{9A19103F-16F7-4668-BE54-9A1E7A4F7556}") = "Sunday.Core.Media", "Core\Sunday.Core.Media\Sunday.Core.Media.csproj", "{CFA7FE3B-FDBF-4E88-993F-5D64D91DA7EB}"
EndProject
Project("{9A19103F-16F7-4668-BE54-9A1E7A4F7556}") = "Sunday.DataAccess.SqlServer", "Core\Sunday.DataAccess.SqlServer\Sunday.DataAccess.SqlServer.csproj", "{71944857-FD8A-483C-8968-6FF7862FAF93}"
EndProject
Project("{2150E333-8FDC-42A3-9474-1A3956D46DE8}") = "Library", "Library", "{B2CE5430-71FC-44E6-89B2-2D5186CEB646}"
EndProject
Project("{9A19103F-16F7-4668-BE54-9A1E7A4F7556}") = "XmlMerger", "LibraryProject\XmlMerger\XmlMerger.csproj", "{FC3F8B4B-D40A-4D26-A86E-E5B8AFD47306}"
EndProject
Project("{2150E333-8FDC-42A3-9474-1A3956D46DE8}") = "Foundation", "Foundation", "{2400ED99-7C8F-4CE4-BC5F-8BAA17134827}"
EndProject
Project("{9A19103F-16F7-4668-BE54-9A1E7A4F7556}") = "Sunday.Foundation", "Foundation\Sunday.Foundation\Sunday.Foundation.csproj", "{C23F0B52-3E31-4E36-B3BB-CB27CF8DB669}"
EndProject
Project("{9A19103F-16F7-4668-BE54-9A1E7A4F7556}") = "Sunday.Foundation.Implementation", "Foundation\Sunday.Foundation.Implementation\Sunday.Foundation.Implementation.csproj", "{4E900076-F62A-443D-9572-778CB3B587DD}"
EndProject
Project("{9A19103F-16F7-4668-BE54-9A1E7A4F7556}") = "Sunday.Foundation.Persistence", "Foundation\Sunday.Foundation.Persistence\Sunday.Foundation.Persistence.csproj", "{C47721A4-DA72-4567-B730-E6179CAC9361}"
EndProject
Project("{2150E333-8FDC-42A3-9474-1A3956D46DE8}") = "ContentManagement", "ContentManagement", "{2DCBB071-7C06-480F-8709-BC56BB5512E9}"
EndProject
Project("{9A19103F-16F7-4668-BE54-9A1E7A4F7556}") = "Sunday.ContentManagement", "Extensions\ContentManagement\Sunday.ContentManagement.Core\Sunday.ContentManagement.csproj", "{7D527DCB-BC0C-4E1D-8D13-3DEA0079962E}"
EndProject
Project("{9A19103F-16F7-4668-BE54-9A1E7A4F7556}") = "Sunday.ContentManagement.Persistence", "Extensions\ContentManagement\Sunday.ContentManagement.Persistence\Sunday.ContentManagement.Persistence.csproj", "{700D4230-6F91-47AB-AAC9-CB9F4BDAEABA}"
EndProject
Project("{9A19103F-16F7-4668-BE54-9A1E7A4F7556}") = "Sunday.ContentManagement.Implementation", "Extensions\ContentManagement\Sunday.ContentManagement.Implementation\Sunday.ContentManagement.Implementation.csproj", "{5D7AA814-D14C-4047-95CD-B541344CFFD6}"
EndProject
Project("{9A19103F-16F7-4668-BE54-9A1E7A4F7556}") = "Sunday.CMS.Core", "Extensions\ContentManagement\Sunday.CMS.Core\Sunday.CMS.Core.csproj", "{D574C1BE-6CAF-4DE0-B70F-E642FD557400}"
EndProject
Project("{9A19103F-16F7-4668-BE54-9A1E7A4F7556}") = "Sunday.CMS.Interface", "Extensions\ContentManagement\Sunday.CMS.Interface\Sunday.CMS.Interface.csproj", "{AA795600-039A-4352-A5AD-0EEEC2A7D4F8}"
EndProject
Global
	GlobalSection(SolutionConfigurationPlatforms) = preSolution
		Debug|Any CPU = Debug|Any CPU
		Release|Any CPU = Release|Any CPU
	EndGlobalSection
	GlobalSection(ProjectConfigurationPlatforms) = postSolution
		{A6415F71-F833-4107-83BC-6D2003664C38}.Debug|Any CPU.ActiveCfg = Debug|Any CPU
		{A6415F71-F833-4107-83BC-6D2003664C38}.Debug|Any CPU.Build.0 = Debug|Any CPU
		{A6415F71-F833-4107-83BC-6D2003664C38}.Release|Any CPU.ActiveCfg = Release|Any CPU
		{A6415F71-F833-4107-83BC-6D2003664C38}.Release|Any CPU.Build.0 = Release|Any CPU
		{D2F44927-7DA5-41B1-BF92-FCD5370A13FE}.Debug|Any CPU.ActiveCfg = Debug|Any CPU
		{D2F44927-7DA5-41B1-BF92-FCD5370A13FE}.Debug|Any CPU.Build.0 = Debug|Any CPU
		{D2F44927-7DA5-41B1-BF92-FCD5370A13FE}.Release|Any CPU.ActiveCfg = Release|Any CPU
		{D2F44927-7DA5-41B1-BF92-FCD5370A13FE}.Release|Any CPU.Build.0 = Release|Any CPU
		{CFA7FE3B-FDBF-4E88-993F-5D64D91DA7EB}.Debug|Any CPU.ActiveCfg = Debug|Any CPU
		{CFA7FE3B-FDBF-4E88-993F-5D64D91DA7EB}.Debug|Any CPU.Build.0 = Debug|Any CPU
		{CFA7FE3B-FDBF-4E88-993F-5D64D91DA7EB}.Release|Any CPU.ActiveCfg = Release|Any CPU
		{CFA7FE3B-FDBF-4E88-993F-5D64D91DA7EB}.Release|Any CPU.Build.0 = Release|Any CPU
		{71944857-FD8A-483C-8968-6FF7862FAF93}.Debug|Any CPU.ActiveCfg = Debug|Any CPU
		{71944857-FD8A-483C-8968-6FF7862FAF93}.Debug|Any CPU.Build.0 = Debug|Any CPU
		{71944857-FD8A-483C-8968-6FF7862FAF93}.Release|Any CPU.ActiveCfg = Release|Any CPU
		{71944857-FD8A-483C-8968-6FF7862FAF93}.Release|Any CPU.Build.0 = Release|Any CPU
		{FC3F8B4B-D40A-4D26-A86E-E5B8AFD47306}.Debug|Any CPU.ActiveCfg = Debug|Any CPU
		{FC3F8B4B-D40A-4D26-A86E-E5B8AFD47306}.Debug|Any CPU.Build.0 = Debug|Any CPU
		{FC3F8B4B-D40A-4D26-A86E-E5B8AFD47306}.Release|Any CPU.ActiveCfg = Release|Any CPU
		{FC3F8B4B-D40A-4D26-A86E-E5B8AFD47306}.Release|Any CPU.Build.0 = Release|Any CPU
		{C23F0B52-3E31-4E36-B3BB-CB27CF8DB669}.Debug|Any CPU.ActiveCfg = Debug|Any CPU
		{C23F0B52-3E31-4E36-B3BB-CB27CF8DB669}.Debug|Any CPU.Build.0 = Debug|Any CPU
		{C23F0B52-3E31-4E36-B3BB-CB27CF8DB669}.Release|Any CPU.ActiveCfg = Release|Any CPU
		{C23F0B52-3E31-4E36-B3BB-CB27CF8DB669}.Release|Any CPU.Build.0 = Release|Any CPU
		{4E900076-F62A-443D-9572-778CB3B587DD}.Debug|Any CPU.ActiveCfg = Debug|Any CPU
		{4E900076-F62A-443D-9572-778CB3B587DD}.Debug|Any CPU.Build.0 = Debug|Any CPU
		{4E900076-F62A-443D-9572-778CB3B587DD}.Release|Any CPU.ActiveCfg = Release|Any CPU
		{4E900076-F62A-443D-9572-778CB3B587DD}.Release|Any CPU.Build.0 = Release|Any CPU
		{C47721A4-DA72-4567-B730-E6179CAC9361}.Debug|Any CPU.ActiveCfg = Debug|Any CPU
		{C47721A4-DA72-4567-B730-E6179CAC9361}.Debug|Any CPU.Build.0 = Debug|Any CPU
		{C47721A4-DA72-4567-B730-E6179CAC9361}.Release|Any CPU.ActiveCfg = Release|Any CPU
		{C47721A4-DA72-4567-B730-E6179CAC9361}.Release|Any CPU.Build.0 = Release|Any CPU
		{7D527DCB-BC0C-4E1D-8D13-3DEA0079962E}.Debug|Any CPU.ActiveCfg = Debug|Any CPU
		{7D527DCB-BC0C-4E1D-8D13-3DEA0079962E}.Debug|Any CPU.Build.0 = Debug|Any CPU
		{7D527DCB-BC0C-4E1D-8D13-3DEA0079962E}.Release|Any CPU.ActiveCfg = Release|Any CPU
		{7D527DCB-BC0C-4E1D-8D13-3DEA0079962E}.Release|Any CPU.Build.0 = Release|Any CPU
		{700D4230-6F91-47AB-AAC9-CB9F4BDAEABA}.Debug|Any CPU.ActiveCfg = Debug|Any CPU
		{700D4230-6F91-47AB-AAC9-CB9F4BDAEABA}.Debug|Any CPU.Build.0 = Debug|Any CPU
		{700D4230-6F91-47AB-AAC9-CB9F4BDAEABA}.Release|Any CPU.ActiveCfg = Release|Any CPU
		{700D4230-6F91-47AB-AAC9-CB9F4BDAEABA}.Release|Any CPU.Build.0 = Release|Any CPU
		{5D7AA814-D14C-4047-95CD-B541344CFFD6}.Debug|Any CPU.ActiveCfg = Debug|Any CPU
		{5D7AA814-D14C-4047-95CD-B541344CFFD6}.Debug|Any CPU.Build.0 = Debug|Any CPU
		{5D7AA814-D14C-4047-95CD-B541344CFFD6}.Release|Any CPU.ActiveCfg = Release|Any CPU
		{5D7AA814-D14C-4047-95CD-B541344CFFD6}.Release|Any CPU.Build.0 = Release|Any CPU
		{D574C1BE-6CAF-4DE0-B70F-E642FD557400}.Debug|Any CPU.ActiveCfg = Debug|Any CPU
		{D574C1BE-6CAF-4DE0-B70F-E642FD557400}.Debug|Any CPU.Build.0 = Debug|Any CPU
		{D574C1BE-6CAF-4DE0-B70F-E642FD557400}.Release|Any CPU.ActiveCfg = Release|Any CPU
		{D574C1BE-6CAF-4DE0-B70F-E642FD557400}.Release|Any CPU.Build.0 = Release|Any CPU
		{AA795600-039A-4352-A5AD-0EEEC2A7D4F8}.Debug|Any CPU.ActiveCfg = Debug|Any CPU
		{AA795600-039A-4352-A5AD-0EEEC2A7D4F8}.Debug|Any CPU.Build.0 = Debug|Any CPU
		{AA795600-039A-4352-A5AD-0EEEC2A7D4F8}.Release|Any CPU.ActiveCfg = Release|Any CPU
		{AA795600-039A-4352-A5AD-0EEEC2A7D4F8}.Release|Any CPU.Build.0 = Release|Any CPU
	EndGlobalSection
	GlobalSection(SolutionProperties) = preSolution
		HideSolutionNode = FALSE
	EndGlobalSection
	GlobalSection(NestedProjects) = preSolution
		{A6415F71-F833-4107-83BC-6D2003664C38} = {E3DCEA1C-29E4-4078-BBBA-246256C7395E}
		{D2F44927-7DA5-41B1-BF92-FCD5370A13FE} = {E3DCEA1C-29E4-4078-BBBA-246256C7395E}
		{CFA7FE3B-FDBF-4E88-993F-5D64D91DA7EB} = {E3DCEA1C-29E4-4078-BBBA-246256C7395E}
		{71944857-FD8A-483C-8968-6FF7862FAF93} = {E3DCEA1C-29E4-4078-BBBA-246256C7395E}
		{FC3F8B4B-D40A-4D26-A86E-E5B8AFD47306} = {B2CE5430-71FC-44E6-89B2-2D5186CEB646}
		{C23F0B52-3E31-4E36-B3BB-CB27CF8DB669} = {2400ED99-7C8F-4CE4-BC5F-8BAA17134827}
		{4E900076-F62A-443D-9572-778CB3B587DD} = {2400ED99-7C8F-4CE4-BC5F-8BAA17134827}
		{C47721A4-DA72-4567-B730-E6179CAC9361} = {2400ED99-7C8F-4CE4-BC5F-8BAA17134827}
		{7D527DCB-BC0C-4E1D-8D13-3DEA0079962E} = {2DCBB071-7C06-480F-8709-BC56BB5512E9}
		{700D4230-6F91-47AB-AAC9-CB9F4BDAEABA} = {2DCBB071-7C06-480F-8709-BC56BB5512E9}
		{5D7AA814-D14C-4047-95CD-B541344CFFD6} = {2DCBB071-7C06-480F-8709-BC56BB5512E9}
		{D574C1BE-6CAF-4DE0-B70F-E642FD557400} = {DFFD1965-3AB5-4017-8A47-A0693BE1A7BD}
	EndGlobalSection
	GlobalSection(ExtensibilityGlobals) = postSolution
		SolutionGuid = {B00775C3-EEF6-4883-A795-0C11DB15EC6E}
	EndGlobalSection
EndGlobal
