
Microsoft Visual Studio Solution File, Format Version 12.00
# Visual Studio Version 16
VisualStudioVersion = 16.0.30011.22
MinimumVisualStudioVersion = 10.0.40219.1
Project("{9A19103F-16F7-4668-BE54-9A1E7A4F7556}") = "Sunday.Core", "Sunday.Core\Sunday.Core.csproj", "{E065E702-1CC6-4D03-AF04-6B6276604403}"
EndProject
Project("{2150E333-8FDC-42A3-9474-1A3956D46DE8}") = "Core", "Core", "{E3DCEA1C-29E4-4078-BBBA-246256C7395E}"
EndProject
Project("{2150E333-8FDC-42A3-9474-1A3956D46DE8}") = "CMS", "CMS", "{DFFD1965-3AB5-4017-8A47-A0693BE1A7BD}"
EndProject
Project("{9A19103F-16F7-4668-BE54-9A1E7A4F7556}") = "Sunday.CMS.Interface", "Sunday.CMS.Interface\Sunday.CMS.Interface.csproj", "{7256F59C-4EF1-4F8E-B4DF-8EABAD27ABB4}"
EndProject
Project("{9A19103F-16F7-4668-BE54-9A1E7A4F7556}") = "Sunday.Core.Framework", "Sunday.Core.Framework\Sunday.Core.Framework.csproj", "{B78EEE1C-84D0-4F65-B8DC-0827FC65BF06}"
EndProject
Project("{9A19103F-16F7-4668-BE54-9A1E7A4F7556}") = "Sunday.CMS.Core", "Sunday.CMS.Core\Sunday.CMS.Core.csproj", "{EF2140AC-EBFB-4D5F-B907-0A75391757D2}"
EndProject
Project("{2150E333-8FDC-42A3-9474-1A3956D46DE8}") = "Media", "Media", "{8777BC02-D5AF-4DB1-9DF7-F42F0C71D76F}"
EndProject
Project("{9A19103F-16F7-4668-BE54-9A1E7A4F7556}") = "Sunday.Core.Media", "Sunday.Core.Media\Sunday.Core.Media.csproj", "{899988F2-874C-48AF-AFF2-4AD14C0F4670}"
EndProject
Project("{2150E333-8FDC-42A3-9474-1A3956D46DE8}") = "Modules", "Modules", "{10107D0E-74F3-4305-A4DD-FF5F11C5086C}"
EndProject
Project("{9A19103F-16F7-4668-BE54-9A1E7A4F7556}") = "Sunday.Identity.Core", "Sunday.Identity.Core\Sunday.Identity.Core.csproj", "{55DC3878-CC37-4228-AF61-1D08A531DD56}"
EndProject
Project("{2150E333-8FDC-42A3-9474-1A3956D46DE8}") = "Identity", "Identity", "{040ECB19-0E7E-49DD-9CE0-00107B7A5925}"
EndProject
Project("{2150E333-8FDC-42A3-9474-1A3956D46DE8}") = "Users", "Users", "{3728FA24-1EB7-4D9E-95EE-AC73C931C0ED}"
EndProject
Project("{9A19103F-16F7-4668-BE54-9A1E7A4F7556}") = "Sunday.Identity.Application", "Sunday.Identity.Application\Sunday.Identity.Application.csproj", "{BAD06AFE-FA08-4D33-B60A-E057B7E52F3E}"
EndProject
Project("{9A19103F-16F7-4668-BE54-9A1E7A4F7556}") = "Sunday.Identity.Implementation", "Sunday.Identity.Implementation\Sunday.Identity.Implementation.csproj", "{A216B9E1-DBEA-47D3-BF79-324A24C14F00}"
EndProject
Project("{9A19103F-16F7-4668-BE54-9A1E7A4F7556}") = "Sunday.Users.Core", "Sunday.Users.Core\Sunday.Users.Core.csproj", "{5F2F4402-1DB0-4D5B-A95E-B940E4422DB7}"
EndProject
Project("{9A19103F-16F7-4668-BE54-9A1E7A4F7556}") = "Sunday.Users.Application", "Sunday.Users.Application\Sunday.Users.Application.csproj", "{2D5CE838-F47E-4E8A-8C0C-BC916577EBA6}"
EndProject
Project("{9A19103F-16F7-4668-BE54-9A1E7A4F7556}") = "Sunday.Users.Implementation", "Sunday.Users.Implementation\Sunday.Users.Implementation.csproj", "{1D3E4659-4B47-44A4-AC7B-3014A1BAE6B1}"
EndProject
Project("{2150E333-8FDC-42A3-9474-1A3956D46DE8}") = "Organizations", "Organizations", "{B97C0802-6E99-4A54-B2B0-F92A681FFF95}"
EndProject
Project("{9A19103F-16F7-4668-BE54-9A1E7A4F7556}") = "Sunday.Organizations.Core", "Sunday.Organizations.Core\Sunday.Organizations.Core.csproj", "{8772EB5B-35F9-402E-8B14-E674AD9BDDC0}"
EndProject
Project("{9A19103F-16F7-4668-BE54-9A1E7A4F7556}") = "Sunday.Organizations.Application", "Sunday.Organizations.Application\Sunday.Organizations.Application.csproj", "{324A900B-2077-405A-8FDF-A483F60B343B}"
EndProject
Project("{9A19103F-16F7-4668-BE54-9A1E7A4F7556}") = "Sunday.Organizations.Implementation", "Sunday.Organizations.Implementation\Sunday.Organizations.Implementation.csproj", "{496850BC-A37E-482F-89EB-731E37DE5CDE}"
EndProject
Project("{FAE04EC0-301F-11D3-BF4B-00C04F79EFBC}") = "Sunday.DataAccess.SqlServer", "Sunday.DataAccess.SqlServer\Sunday.DataAccess.SqlServer.csproj", "{407118FE-C381-403A-BF20-905D8E233D6E}"
EndProject
Project("{FAE04EC0-301F-11D3-BF4B-00C04F79EFBC}") = "Sunday.Infrastructure", "Sunday.Infrastructure\Sunday.Infrastructure.csproj", "{3E4BBEFC-EC1A-43FA-858D-FCCDAF0D849D}"
EndProject
Global
	GlobalSection(SolutionConfigurationPlatforms) = preSolution
		Debug|Any CPU = Debug|Any CPU
		Release|Any CPU = Release|Any CPU
	EndGlobalSection
	GlobalSection(ProjectConfigurationPlatforms) = postSolution
		{E065E702-1CC6-4D03-AF04-6B6276604403}.Debug|Any CPU.ActiveCfg = Debug|Any CPU
		{E065E702-1CC6-4D03-AF04-6B6276604403}.Debug|Any CPU.Build.0 = Debug|Any CPU
		{E065E702-1CC6-4D03-AF04-6B6276604403}.Release|Any CPU.ActiveCfg = Release|Any CPU
		{E065E702-1CC6-4D03-AF04-6B6276604403}.Release|Any CPU.Build.0 = Release|Any CPU
		{7256F59C-4EF1-4F8E-B4DF-8EABAD27ABB4}.Debug|Any CPU.ActiveCfg = Debug|Any CPU
		{7256F59C-4EF1-4F8E-B4DF-8EABAD27ABB4}.Debug|Any CPU.Build.0 = Debug|Any CPU
		{7256F59C-4EF1-4F8E-B4DF-8EABAD27ABB4}.Release|Any CPU.ActiveCfg = Release|Any CPU
		{7256F59C-4EF1-4F8E-B4DF-8EABAD27ABB4}.Release|Any CPU.Build.0 = Release|Any CPU
		{B78EEE1C-84D0-4F65-B8DC-0827FC65BF06}.Debug|Any CPU.ActiveCfg = Debug|Any CPU
		{B78EEE1C-84D0-4F65-B8DC-0827FC65BF06}.Debug|Any CPU.Build.0 = Debug|Any CPU
		{B78EEE1C-84D0-4F65-B8DC-0827FC65BF06}.Release|Any CPU.ActiveCfg = Release|Any CPU
		{B78EEE1C-84D0-4F65-B8DC-0827FC65BF06}.Release|Any CPU.Build.0 = Release|Any CPU
		{EF2140AC-EBFB-4D5F-B907-0A75391757D2}.Debug|Any CPU.ActiveCfg = Debug|Any CPU
		{EF2140AC-EBFB-4D5F-B907-0A75391757D2}.Debug|Any CPU.Build.0 = Debug|Any CPU
		{EF2140AC-EBFB-4D5F-B907-0A75391757D2}.Release|Any CPU.ActiveCfg = Release|Any CPU
		{EF2140AC-EBFB-4D5F-B907-0A75391757D2}.Release|Any CPU.Build.0 = Release|Any CPU
		{899988F2-874C-48AF-AFF2-4AD14C0F4670}.Debug|Any CPU.ActiveCfg = Debug|Any CPU
		{899988F2-874C-48AF-AFF2-4AD14C0F4670}.Debug|Any CPU.Build.0 = Debug|Any CPU
		{899988F2-874C-48AF-AFF2-4AD14C0F4670}.Release|Any CPU.ActiveCfg = Release|Any CPU
		{899988F2-874C-48AF-AFF2-4AD14C0F4670}.Release|Any CPU.Build.0 = Release|Any CPU
		{55DC3878-CC37-4228-AF61-1D08A531DD56}.Debug|Any CPU.ActiveCfg = Debug|Any CPU
		{55DC3878-CC37-4228-AF61-1D08A531DD56}.Debug|Any CPU.Build.0 = Debug|Any CPU
		{55DC3878-CC37-4228-AF61-1D08A531DD56}.Release|Any CPU.ActiveCfg = Release|Any CPU
		{55DC3878-CC37-4228-AF61-1D08A531DD56}.Release|Any CPU.Build.0 = Release|Any CPU
		{BAD06AFE-FA08-4D33-B60A-E057B7E52F3E}.Debug|Any CPU.ActiveCfg = Debug|Any CPU
		{BAD06AFE-FA08-4D33-B60A-E057B7E52F3E}.Debug|Any CPU.Build.0 = Debug|Any CPU
		{BAD06AFE-FA08-4D33-B60A-E057B7E52F3E}.Release|Any CPU.ActiveCfg = Release|Any CPU
		{BAD06AFE-FA08-4D33-B60A-E057B7E52F3E}.Release|Any CPU.Build.0 = Release|Any CPU
		{A216B9E1-DBEA-47D3-BF79-324A24C14F00}.Debug|Any CPU.ActiveCfg = Debug|Any CPU
		{A216B9E1-DBEA-47D3-BF79-324A24C14F00}.Debug|Any CPU.Build.0 = Debug|Any CPU
		{A216B9E1-DBEA-47D3-BF79-324A24C14F00}.Release|Any CPU.ActiveCfg = Release|Any CPU
		{A216B9E1-DBEA-47D3-BF79-324A24C14F00}.Release|Any CPU.Build.0 = Release|Any CPU
		{5F2F4402-1DB0-4D5B-A95E-B940E4422DB7}.Debug|Any CPU.ActiveCfg = Debug|Any CPU
		{5F2F4402-1DB0-4D5B-A95E-B940E4422DB7}.Debug|Any CPU.Build.0 = Debug|Any CPU
		{5F2F4402-1DB0-4D5B-A95E-B940E4422DB7}.Release|Any CPU.ActiveCfg = Release|Any CPU
		{5F2F4402-1DB0-4D5B-A95E-B940E4422DB7}.Release|Any CPU.Build.0 = Release|Any CPU
		{2D5CE838-F47E-4E8A-8C0C-BC916577EBA6}.Debug|Any CPU.ActiveCfg = Debug|Any CPU
		{2D5CE838-F47E-4E8A-8C0C-BC916577EBA6}.Debug|Any CPU.Build.0 = Debug|Any CPU
		{2D5CE838-F47E-4E8A-8C0C-BC916577EBA6}.Release|Any CPU.ActiveCfg = Release|Any CPU
		{2D5CE838-F47E-4E8A-8C0C-BC916577EBA6}.Release|Any CPU.Build.0 = Release|Any CPU
		{1D3E4659-4B47-44A4-AC7B-3014A1BAE6B1}.Debug|Any CPU.ActiveCfg = Debug|Any CPU
		{1D3E4659-4B47-44A4-AC7B-3014A1BAE6B1}.Debug|Any CPU.Build.0 = Debug|Any CPU
		{1D3E4659-4B47-44A4-AC7B-3014A1BAE6B1}.Release|Any CPU.ActiveCfg = Release|Any CPU
		{1D3E4659-4B47-44A4-AC7B-3014A1BAE6B1}.Release|Any CPU.Build.0 = Release|Any CPU
		{8772EB5B-35F9-402E-8B14-E674AD9BDDC0}.Debug|Any CPU.ActiveCfg = Debug|Any CPU
		{8772EB5B-35F9-402E-8B14-E674AD9BDDC0}.Debug|Any CPU.Build.0 = Debug|Any CPU
		{8772EB5B-35F9-402E-8B14-E674AD9BDDC0}.Release|Any CPU.ActiveCfg = Release|Any CPU
		{8772EB5B-35F9-402E-8B14-E674AD9BDDC0}.Release|Any CPU.Build.0 = Release|Any CPU
		{324A900B-2077-405A-8FDF-A483F60B343B}.Debug|Any CPU.ActiveCfg = Debug|Any CPU
		{324A900B-2077-405A-8FDF-A483F60B343B}.Debug|Any CPU.Build.0 = Debug|Any CPU
		{324A900B-2077-405A-8FDF-A483F60B343B}.Release|Any CPU.ActiveCfg = Release|Any CPU
		{324A900B-2077-405A-8FDF-A483F60B343B}.Release|Any CPU.Build.0 = Release|Any CPU
		{496850BC-A37E-482F-89EB-731E37DE5CDE}.Debug|Any CPU.ActiveCfg = Debug|Any CPU
		{496850BC-A37E-482F-89EB-731E37DE5CDE}.Debug|Any CPU.Build.0 = Debug|Any CPU
		{496850BC-A37E-482F-89EB-731E37DE5CDE}.Release|Any CPU.ActiveCfg = Release|Any CPU
		{496850BC-A37E-482F-89EB-731E37DE5CDE}.Release|Any CPU.Build.0 = Release|Any CPU
		{407118FE-C381-403A-BF20-905D8E233D6E}.Debug|Any CPU.ActiveCfg = Debug|Any CPU
		{407118FE-C381-403A-BF20-905D8E233D6E}.Debug|Any CPU.Build.0 = Debug|Any CPU
		{407118FE-C381-403A-BF20-905D8E233D6E}.Release|Any CPU.ActiveCfg = Release|Any CPU
		{407118FE-C381-403A-BF20-905D8E233D6E}.Release|Any CPU.Build.0 = Release|Any CPU
		{3E4BBEFC-EC1A-43FA-858D-FCCDAF0D849D}.Debug|Any CPU.ActiveCfg = Debug|Any CPU
		{3E4BBEFC-EC1A-43FA-858D-FCCDAF0D849D}.Debug|Any CPU.Build.0 = Debug|Any CPU
		{3E4BBEFC-EC1A-43FA-858D-FCCDAF0D849D}.Release|Any CPU.ActiveCfg = Release|Any CPU
		{3E4BBEFC-EC1A-43FA-858D-FCCDAF0D849D}.Release|Any CPU.Build.0 = Release|Any CPU
	EndGlobalSection
	GlobalSection(SolutionProperties) = preSolution
		HideSolutionNode = FALSE
	EndGlobalSection
	GlobalSection(NestedProjects) = preSolution
		{E065E702-1CC6-4D03-AF04-6B6276604403} = {E3DCEA1C-29E4-4078-BBBA-246256C7395E}
		{7256F59C-4EF1-4F8E-B4DF-8EABAD27ABB4} = {DFFD1965-3AB5-4017-8A47-A0693BE1A7BD}
		{B78EEE1C-84D0-4F65-B8DC-0827FC65BF06} = {E3DCEA1C-29E4-4078-BBBA-246256C7395E}
		{EF2140AC-EBFB-4D5F-B907-0A75391757D2} = {DFFD1965-3AB5-4017-8A47-A0693BE1A7BD}
		{8777BC02-D5AF-4DB1-9DF7-F42F0C71D76F} = {10107D0E-74F3-4305-A4DD-FF5F11C5086C}
		{899988F2-874C-48AF-AFF2-4AD14C0F4670} = {8777BC02-D5AF-4DB1-9DF7-F42F0C71D76F}
		{55DC3878-CC37-4228-AF61-1D08A531DD56} = {040ECB19-0E7E-49DD-9CE0-00107B7A5925}
		{040ECB19-0E7E-49DD-9CE0-00107B7A5925} = {10107D0E-74F3-4305-A4DD-FF5F11C5086C}
		{3728FA24-1EB7-4D9E-95EE-AC73C931C0ED} = {10107D0E-74F3-4305-A4DD-FF5F11C5086C}
		{BAD06AFE-FA08-4D33-B60A-E057B7E52F3E} = {040ECB19-0E7E-49DD-9CE0-00107B7A5925}
		{A216B9E1-DBEA-47D3-BF79-324A24C14F00} = {040ECB19-0E7E-49DD-9CE0-00107B7A5925}
		{5F2F4402-1DB0-4D5B-A95E-B940E4422DB7} = {3728FA24-1EB7-4D9E-95EE-AC73C931C0ED}
		{2D5CE838-F47E-4E8A-8C0C-BC916577EBA6} = {3728FA24-1EB7-4D9E-95EE-AC73C931C0ED}
		{1D3E4659-4B47-44A4-AC7B-3014A1BAE6B1} = {3728FA24-1EB7-4D9E-95EE-AC73C931C0ED}
		{B97C0802-6E99-4A54-B2B0-F92A681FFF95} = {10107D0E-74F3-4305-A4DD-FF5F11C5086C}
		{8772EB5B-35F9-402E-8B14-E674AD9BDDC0} = {B97C0802-6E99-4A54-B2B0-F92A681FFF95}
		{324A900B-2077-405A-8FDF-A483F60B343B} = {B97C0802-6E99-4A54-B2B0-F92A681FFF95}
		{496850BC-A37E-482F-89EB-731E37DE5CDE} = {B97C0802-6E99-4A54-B2B0-F92A681FFF95}
		{407118FE-C381-403A-BF20-905D8E233D6E} = {E3DCEA1C-29E4-4078-BBBA-246256C7395E}
		{3E4BBEFC-EC1A-43FA-858D-FCCDAF0D849D} = {10107D0E-74F3-4305-A4DD-FF5F11C5086C}
	EndGlobalSection
	GlobalSection(ExtensibilityGlobals) = postSolution
		SolutionGuid = {B00775C3-EEF6-4883-A795-0C11DB15EC6E}
	EndGlobalSection
EndGlobal
